
Microsoft Visual Studio Solution File, Format Version 12.00
# Visual Studio Version 17
VisualStudioVersion = 17.7.34202.233
MinimumVisualStudioVersion = 10.0.40219.1
Project("{FAE04EC0-301F-11D3-BF4B-00C04F79EFBC}") = "aknakereso", "aknakereso\aknakereso.csproj", "{CACE4D56-AFC0-4414-9DB1-2E88FA2E145E}"
EndProject
Global
	GlobalSection(SolutionConfigurationPlatforms) = preSolution
		Debug|Any CPU = Debug|Any CPU
		Release|Any CPU = Release|Any CPU
	EndGlobalSection
	GlobalSection(ProjectConfigurationPlatforms) = postSolution
		{CACE4D56-AFC0-4414-9DB1-2E88FA2E145E}.Debug|Any CPU.ActiveCfg = Debug|Any CPU
		{CACE4D56-AFC0-4414-9DB1-2E88FA2E145E}.Debug|Any CPU.Build.0 = Debug|Any CPU
		{CACE4D56-AFC0-4414-9DB1-2E88FA2E145E}.Release|Any CPU.ActiveCfg = Release|Any CPU
		{CACE4D56-AFC0-4414-9DB1-2E88FA2E145E}.Release|Any CPU.Build.0 = Release|Any CPU
	EndGlobalSection
	GlobalSection(SolutionProperties) = preSolution
		HideSolutionNode = FALSE
	EndGlobalSection
	GlobalSection(ExtensibilityGlobals) = postSolution
		SolutionGuid = {FD2C70EC-2BEA-46EF-A621-3E8D551E3232}
	EndGlobalSection
EndGlobal
